// !$*UTF8*$!
{
	archiveVersion = 1;
	classes = {
	};
	objectVersion = 51;
	objects = {

/* Begin PBXBuildFile section */
		7A05344324125D1A00814342 /* LoginCard.swift in Sources */ = {isa = PBXBuildFile; fileRef = 7A05344224125D1A00814342 /* LoginCard.swift */; };
		7A05344524125E3700814342 /* SignUpCard.swift in Sources */ = {isa = PBXBuildFile; fileRef = 7A05344424125E3700814342 /* SignUpCard.swift */; };
		7A43522624113DB4003377F1 /* AppDelegate.swift in Sources */ = {isa = PBXBuildFile; fileRef = 7A43522524113DB4003377F1 /* AppDelegate.swift */; };
		7A43522824113DB4003377F1 /* SceneDelegate.swift in Sources */ = {isa = PBXBuildFile; fileRef = 7A43522724113DB4003377F1 /* SceneDelegate.swift */; };
		7A43522A24113DB4003377F1 /* ContentView.swift in Sources */ = {isa = PBXBuildFile; fileRef = 7A43522924113DB4003377F1 /* ContentView.swift */; };
		7A43522C24113DB5003377F1 /* Assets.xcassets in Resources */ = {isa = PBXBuildFile; fileRef = 7A43522B24113DB5003377F1 /* Assets.xcassets */; };
		7A43522F24113DB5003377F1 /* Preview Assets.xcassets in Resources */ = {isa = PBXBuildFile; fileRef = 7A43522E24113DB5003377F1 /* Preview Assets.xcassets */; };
		7A43523224113DB5003377F1 /* LaunchScreen.storyboard in Resources */ = {isa = PBXBuildFile; fileRef = 7A43523024113DB5003377F1 /* LaunchScreen.storyboard */; };
		7A43523A24113DD9003377F1 /* LoginView.swift in Sources */ = {isa = PBXBuildFile; fileRef = 7A43523924113DD9003377F1 /* LoginView.swift */; };
		7A43523D24113E01003377F1 /* SplashView.swift in Sources */ = {isa = PBXBuildFile; fileRef = 7A43523C24113E01003377F1 /* SplashView.swift */; };
		7AE30D1F2418180A00C89F0F /* GoogleService-Info.plist in Resources */ = {isa = PBXBuildFile; fileRef = 7AE30D1E2418180A00C89F0F /* GoogleService-Info.plist */; };
		7AED4DE9241147E200A8C052 /* HelveticaNeueBlackItalic 1.otf in Resources */ = {isa = PBXBuildFile; fileRef = 7AED4DD9241147E100A8C052 /* HelveticaNeueBlackItalic 1.otf */; };
		7AED4DEA241147E200A8C052 /* Helvetica26UltraLightItalic_22434.ttf in Resources */ = {isa = PBXBuildFile; fileRef = 7AED4DDA241147E100A8C052 /* Helvetica26UltraLightItalic_22434.ttf */; };
		7AED4DEB241147E200A8C052 /* Helvetica36ThinItalic_22436.ttf in Resources */ = {isa = PBXBuildFile; fileRef = 7AED4DDB241147E100A8C052 /* Helvetica36ThinItalic_22436.ttf */; };
		7AED4DEC241147E200A8C052 /* HelveticaNeueBold.otf in Resources */ = {isa = PBXBuildFile; fileRef = 7AED4DDC241147E100A8C052 /* HelveticaNeueBold.otf */; };
		7AED4DED241147E200A8C052 /* Helvetica85Heavy_22449.ttf in Resources */ = {isa = PBXBuildFile; fileRef = 7AED4DDD241147E200A8C052 /* Helvetica85Heavy_22449.ttf */; };
		7AED4DEE241147E200A8C052 /* HelveticaNeueMediumItalic.otf in Resources */ = {isa = PBXBuildFile; fileRef = 7AED4DDE241147E200A8C052 /* HelveticaNeueMediumItalic.otf */; };
		7AED4DEF241147E200A8C052 /* Helvetica55Roman_22439.ttf in Resources */ = {isa = PBXBuildFile; fileRef = 7AED4DDF241147E200A8C052 /* Helvetica55Roman_22439.ttf */; };
		7AED4DF0241147E200A8C052 /* Helvetica86HeavyItalic_22450.ttf in Resources */ = {isa = PBXBuildFile; fileRef = 7AED4DE0241147E200A8C052 /* Helvetica86HeavyItalic_22450.ttf */; };
		7AED4DF1241147E200A8C052 /* Helvetica65Medium_22443.ttf in Resources */ = {isa = PBXBuildFile; fileRef = 7AED4DE1241147E200A8C052 /* Helvetica65Medium_22443.ttf */; };
		7AED4DF2241147E200A8C052 /* Helvetica 76 Bold Italic.ttf in Resources */ = {isa = PBXBuildFile; fileRef = 7AED4DE2241147E200A8C052 /* Helvetica 76 Bold Italic.ttf */; };
		7AED4DF3241147E200A8C052 /* Helvetica45Light_22437.ttf in Resources */ = {isa = PBXBuildFile; fileRef = 7AED4DE3241147E200A8C052 /* Helvetica45Light_22437.ttf */; };
		7AED4DF4241147E200A8C052 /* Helvetica35Thin_22435.ttf in Resources */ = {isa = PBXBuildFile; fileRef = 7AED4DE4241147E200A8C052 /* Helvetica35Thin_22435.ttf */; };
		7AED4DF5241147E200A8C052 /* Helvetica56Italic_22440.ttf in Resources */ = {isa = PBXBuildFile; fileRef = 7AED4DE5241147E200A8C052 /* Helvetica56Italic_22440.ttf */; };
		7AED4DF6241147E200A8C052 /* Helvetica46LightItalic_22438.ttf in Resources */ = {isa = PBXBuildFile; fileRef = 7AED4DE6241147E200A8C052 /* Helvetica46LightItalic_22438.ttf */; };
		7AED4DF7241147E200A8C052 /* Helvetica95Black.ttf in Resources */ = {isa = PBXBuildFile; fileRef = 7AED4DE7241147E200A8C052 /* Helvetica95Black.ttf */; };
		7AED4DF8241147E200A8C052 /* Helvetica25UltraLight_22433.ttf in Resources */ = {isa = PBXBuildFile; fileRef = 7AED4DE8241147E200A8C052 /* Helvetica25UltraLight_22433.ttf */; };
		7AED4E0C241147EC00A8C052 /* Futura Bold Italic font.ttf in Resources */ = {isa = PBXBuildFile; fileRef = 7AED4DF9241147EB00A8C052 /* Futura Bold Italic font.ttf */; };
		7AED4E0D241147EC00A8C052 /* tt0205m_.ttf in Resources */ = {isa = PBXBuildFile; fileRef = 7AED4DFA241147EB00A8C052 /* tt0205m_.ttf */; };
		7AED4E0E241147EC00A8C052 /* unicode.futurab.ttf in Resources */ = {isa = PBXBuildFile; fileRef = 7AED4DFB241147EB00A8C052 /* unicode.futurab.ttf */; };
		7AED4E0F241147EC00A8C052 /* Futura Heavy font.ttf in Resources */ = {isa = PBXBuildFile; fileRef = 7AED4DFC241147EB00A8C052 /* Futura Heavy font.ttf */; };
		7AED4E10241147EC00A8C052 /* Futura Extra Black font.ttf in Resources */ = {isa = PBXBuildFile; fileRef = 7AED4DFD241147EB00A8C052 /* Futura Extra Black font.ttf */; };
		7AED4E11241147EC00A8C052 /* Futura Medium Italic font.ttf in Resources */ = {isa = PBXBuildFile; fileRef = 7AED4DFE241147EB00A8C052 /* Futura Medium Italic font.ttf */; };
		7AED4E12241147EC00A8C052 /* Futura XBlk BT.ttf in Resources */ = {isa = PBXBuildFile; fileRef = 7AED4DFF241147EB00A8C052 /* Futura XBlk BT.ttf */; };
		7AED4E13241147EC00A8C052 /* Futura-CondensedLight.otf in Resources */ = {isa = PBXBuildFile; fileRef = 7AED4E00241147EB00A8C052 /* Futura-CondensedLight.otf */; };
		7AED4E14241147EC00A8C052 /* futur.ttf in Resources */ = {isa = PBXBuildFile; fileRef = 7AED4E01241147EB00A8C052 /* futur.ttf */; };
		7AED4E15241147EC00A8C052 /* Futura Light font.ttf in Resources */ = {isa = PBXBuildFile; fileRef = 7AED4E02241147EB00A8C052 /* Futura Light font.ttf */; };
		7AED4E16241147EC00A8C052 /* futura light bt.ttf in Resources */ = {isa = PBXBuildFile; fileRef = 7AED4E03241147EB00A8C052 /* futura light bt.ttf */; };
		7AED4E17241147EC00A8C052 /* Futura Heavy Italic font.ttf in Resources */ = {isa = PBXBuildFile; fileRef = 7AED4E04241147EB00A8C052 /* Futura Heavy Italic font.ttf */; };
		7AED4E18241147EC00A8C052 /* futura medium condensed bt.ttf in Resources */ = {isa = PBXBuildFile; fileRef = 7AED4E05241147EB00A8C052 /* futura medium condensed bt.ttf */; };
		7AED4E19241147EC00A8C052 /* unicode.futurabb.ttf in Resources */ = {isa = PBXBuildFile; fileRef = 7AED4E06241147EC00A8C052 /* unicode.futurabb.ttf */; };
		7AED4E1A241147EC00A8C052 /* Futura Book Italic font.ttf in Resources */ = {isa = PBXBuildFile; fileRef = 7AED4E07241147EC00A8C052 /* Futura Book Italic font.ttf */; };
		7AED4E1B241147EC00A8C052 /* Futura Light Italic font.ttf in Resources */ = {isa = PBXBuildFile; fileRef = 7AED4E08241147EC00A8C052 /* Futura Light Italic font.ttf */; };
		7AED4E1C241147EC00A8C052 /* futura.ttf in Resources */ = {isa = PBXBuildFile; fileRef = 7AED4E09241147EC00A8C052 /* futura.ttf */; };
		7AED4E1D241147EC00A8C052 /* Futura Book font.ttf in Resources */ = {isa = PBXBuildFile; fileRef = 7AED4E0A241147EC00A8C052 /* Futura Book font.ttf */; };
		7AED4E1E241147EC00A8C052 /* Futura Bold font.ttf in Resources */ = {isa = PBXBuildFile; fileRef = 7AED4E0B241147EC00A8C052 /* Futura Bold font.ttf */; };
		9DFFFC27FAA3D5513EB6C3A9 /* Pods_Vive_Tunisie.framework in Frameworks */ = {isa = PBXBuildFile; fileRef = 6EC7D639124E4B922B451D0B /* Pods_Vive_Tunisie.framework */; };
/* End PBXBuildFile section */

/* Begin PBXFileReference section */
		1A15325303B8A78E8A1996C2 /* Pods-Vive Tunisie.debug.xcconfig */ = {isa = PBXFileReference; includeInIndex = 1; lastKnownFileType = text.xcconfig; name = "Pods-Vive Tunisie.debug.xcconfig"; path = "Target Support Files/Pods-Vive Tunisie/Pods-Vive Tunisie.debug.xcconfig"; sourceTree = "<group>"; };
		6EC7D639124E4B922B451D0B /* Pods_Vive_Tunisie.framework */ = {isa = PBXFileReference; explicitFileType = wrapper.framework; includeInIndex = 0; path = Pods_Vive_Tunisie.framework; sourceTree = BUILT_PRODUCTS_DIR; };
		7A05344224125D1A00814342 /* LoginCard.swift */ = {isa = PBXFileReference; lastKnownFileType = sourcecode.swift; path = LoginCard.swift; sourceTree = "<group>"; };
		7A05344424125E3700814342 /* SignUpCard.swift */ = {isa = PBXFileReference; lastKnownFileType = sourcecode.swift; path = SignUpCard.swift; sourceTree = "<group>"; };
		7A43522224113DB4003377F1 /* Vive Tunisie.app */ = {isa = PBXFileReference; explicitFileType = wrapper.application; includeInIndex = 0; path = "Vive Tunisie.app"; sourceTree = BUILT_PRODUCTS_DIR; };
		7A43522524113DB4003377F1 /* AppDelegate.swift */ = {isa = PBXFileReference; lastKnownFileType = sourcecode.swift; path = AppDelegate.swift; sourceTree = "<group>"; };
		7A43522724113DB4003377F1 /* SceneDelegate.swift */ = {isa = PBXFileReference; lastKnownFileType = sourcecode.swift; path = SceneDelegate.swift; sourceTree = "<group>"; };
		7A43522924113DB4003377F1 /* ContentView.swift */ = {isa = PBXFileReference; lastKnownFileType = sourcecode.swift; path = ContentView.swift; sourceTree = "<group>"; };
		7A43522B24113DB5003377F1 /* Assets.xcassets */ = {isa = PBXFileReference; lastKnownFileType = folder.assetcatalog; path = Assets.xcassets; sourceTree = "<group>"; };
		7A43522E24113DB5003377F1 /* Preview Assets.xcassets */ = {isa = PBXFileReference; lastKnownFileType = folder.assetcatalog; path = "Preview Assets.xcassets"; sourceTree = "<group>"; };
		7A43523124113DB5003377F1 /* Base */ = {isa = PBXFileReference; lastKnownFileType = file.storyboard; name = Base; path = Base.lproj/LaunchScreen.storyboard; sourceTree = "<group>"; };
		7A43523324113DB5003377F1 /* Info.plist */ = {isa = PBXFileReference; lastKnownFileType = text.plist.xml; path = Info.plist; sourceTree = "<group>"; };
		7A43523924113DD9003377F1 /* LoginView.swift */ = {isa = PBXFileReference; lastKnownFileType = sourcecode.swift; path = LoginView.swift; sourceTree = "<group>"; };
		7A43523C24113E01003377F1 /* SplashView.swift */ = {isa = PBXFileReference; lastKnownFileType = sourcecode.swift; path = SplashView.swift; sourceTree = "<group>"; };
		7AE30D1E2418180A00C89F0F /* GoogleService-Info.plist */ = {isa = PBXFileReference; fileEncoding = 4; lastKnownFileType = text.plist.xml; path = "GoogleService-Info.plist"; sourceTree = "<group>"; };
		7AED4DD9241147E100A8C052 /* HelveticaNeueBlackItalic 1.otf */ = {isa = PBXFileReference; lastKnownFileType = file; path = "HelveticaNeueBlackItalic 1.otf"; sourceTree = "<group>"; };
		7AED4DDA241147E100A8C052 /* Helvetica26UltraLightItalic_22434.ttf */ = {isa = PBXFileReference; lastKnownFileType = file; path = Helvetica26UltraLightItalic_22434.ttf; sourceTree = "<group>"; };
		7AED4DDB241147E100A8C052 /* Helvetica36ThinItalic_22436.ttf */ = {isa = PBXFileReference; lastKnownFileType = file; path = Helvetica36ThinItalic_22436.ttf; sourceTree = "<group>"; };
		7AED4DDC241147E100A8C052 /* HelveticaNeueBold.otf */ = {isa = PBXFileReference; lastKnownFileType = file; path = HelveticaNeueBold.otf; sourceTree = "<group>"; };
		7AED4DDD241147E200A8C052 /* Helvetica85Heavy_22449.ttf */ = {isa = PBXFileReference; lastKnownFileType = file; path = Helvetica85Heavy_22449.ttf; sourceTree = "<group>"; };
		7AED4DDE241147E200A8C052 /* HelveticaNeueMediumItalic.otf */ = {isa = PBXFileReference; lastKnownFileType = file; path = HelveticaNeueMediumItalic.otf; sourceTree = "<group>"; };
		7AED4DDF241147E200A8C052 /* Helvetica55Roman_22439.ttf */ = {isa = PBXFileReference; lastKnownFileType = file; path = Helvetica55Roman_22439.ttf; sourceTree = "<group>"; };
		7AED4DE0241147E200A8C052 /* Helvetica86HeavyItalic_22450.ttf */ = {isa = PBXFileReference; lastKnownFileType = file; path = Helvetica86HeavyItalic_22450.ttf; sourceTree = "<group>"; };
		7AED4DE1241147E200A8C052 /* Helvetica65Medium_22443.ttf */ = {isa = PBXFileReference; lastKnownFileType = file; path = Helvetica65Medium_22443.ttf; sourceTree = "<group>"; };
		7AED4DE2241147E200A8C052 /* Helvetica 76 Bold Italic.ttf */ = {isa = PBXFileReference; lastKnownFileType = file; path = "Helvetica 76 Bold Italic.ttf"; sourceTree = "<group>"; };
		7AED4DE3241147E200A8C052 /* Helvetica45Light_22437.ttf */ = {isa = PBXFileReference; lastKnownFileType = file; path = Helvetica45Light_22437.ttf; sourceTree = "<group>"; };
		7AED4DE4241147E200A8C052 /* Helvetica35Thin_22435.ttf */ = {isa = PBXFileReference; lastKnownFileType = file; path = Helvetica35Thin_22435.ttf; sourceTree = "<group>"; };
		7AED4DE5241147E200A8C052 /* Helvetica56Italic_22440.ttf */ = {isa = PBXFileReference; lastKnownFileType = file; path = Helvetica56Italic_22440.ttf; sourceTree = "<group>"; };
		7AED4DE6241147E200A8C052 /* Helvetica46LightItalic_22438.ttf */ = {isa = PBXFileReference; lastKnownFileType = file; path = Helvetica46LightItalic_22438.ttf; sourceTree = "<group>"; };
		7AED4DE7241147E200A8C052 /* Helvetica95Black.ttf */ = {isa = PBXFileReference; lastKnownFileType = file; path = Helvetica95Black.ttf; sourceTree = "<group>"; };
		7AED4DE8241147E200A8C052 /* Helvetica25UltraLight_22433.ttf */ = {isa = PBXFileReference; lastKnownFileType = file; path = Helvetica25UltraLight_22433.ttf; sourceTree = "<group>"; };
		7AED4DF9241147EB00A8C052 /* Futura Bold Italic font.ttf */ = {isa = PBXFileReference; lastKnownFileType = file; path = "Futura Bold Italic font.ttf"; sourceTree = "<group>"; };
		7AED4DFA241147EB00A8C052 /* tt0205m_.ttf */ = {isa = PBXFileReference; lastKnownFileType = file; path = tt0205m_.ttf; sourceTree = "<group>"; };
		7AED4DFB241147EB00A8C052 /* unicode.futurab.ttf */ = {isa = PBXFileReference; lastKnownFileType = file; path = unicode.futurab.ttf; sourceTree = "<group>"; };
		7AED4DFC241147EB00A8C052 /* Futura Heavy font.ttf */ = {isa = PBXFileReference; lastKnownFileType = file; path = "Futura Heavy font.ttf"; sourceTree = "<group>"; };
		7AED4DFD241147EB00A8C052 /* Futura Extra Black font.ttf */ = {isa = PBXFileReference; lastKnownFileType = file; path = "Futura Extra Black font.ttf"; sourceTree = "<group>"; };
		7AED4DFE241147EB00A8C052 /* Futura Medium Italic font.ttf */ = {isa = PBXFileReference; lastKnownFileType = file; path = "Futura Medium Italic font.ttf"; sourceTree = "<group>"; };
		7AED4DFF241147EB00A8C052 /* Futura XBlk BT.ttf */ = {isa = PBXFileReference; lastKnownFileType = file; path = "Futura XBlk BT.ttf"; sourceTree = "<group>"; };
		7AED4E00241147EB00A8C052 /* Futura-CondensedLight.otf */ = {isa = PBXFileReference; lastKnownFileType = file; path = "Futura-CondensedLight.otf"; sourceTree = "<group>"; };
		7AED4E01241147EB00A8C052 /* futur.ttf */ = {isa = PBXFileReference; lastKnownFileType = file; path = futur.ttf; sourceTree = "<group>"; };
		7AED4E02241147EB00A8C052 /* Futura Light font.ttf */ = {isa = PBXFileReference; lastKnownFileType = file; path = "Futura Light font.ttf"; sourceTree = "<group>"; };
		7AED4E03241147EB00A8C052 /* futura light bt.ttf */ = {isa = PBXFileReference; lastKnownFileType = file; path = "futura light bt.ttf"; sourceTree = "<group>"; };
		7AED4E04241147EB00A8C052 /* Futura Heavy Italic font.ttf */ = {isa = PBXFileReference; lastKnownFileType = file; path = "Futura Heavy Italic font.ttf"; sourceTree = "<group>"; };
		7AED4E05241147EB00A8C052 /* futura medium condensed bt.ttf */ = {isa = PBXFileReference; lastKnownFileType = file; path = "futura medium condensed bt.ttf"; sourceTree = "<group>"; };
		7AED4E06241147EC00A8C052 /* unicode.futurabb.ttf */ = {isa = PBXFileReference; lastKnownFileType = file; path = unicode.futurabb.ttf; sourceTree = "<group>"; };
		7AED4E07241147EC00A8C052 /* Futura Book Italic font.ttf */ = {isa = PBXFileReference; lastKnownFileType = file; path = "Futura Book Italic font.ttf"; sourceTree = "<group>"; };
		7AED4E08241147EC00A8C052 /* Futura Light Italic font.ttf */ = {isa = PBXFileReference; lastKnownFileType = file; path = "Futura Light Italic font.ttf"; sourceTree = "<group>"; };
		7AED4E09241147EC00A8C052 /* futura.ttf */ = {isa = PBXFileReference; lastKnownFileType = file; path = futura.ttf; sourceTree = "<group>"; };
		7AED4E0A241147EC00A8C052 /* Futura Book font.ttf */ = {isa = PBXFileReference; lastKnownFileType = file; path = "Futura Book font.ttf"; sourceTree = "<group>"; };
		7AED4E0B241147EC00A8C052 /* Futura Bold font.ttf */ = {isa = PBXFileReference; lastKnownFileType = file; path = "Futura Bold font.ttf"; sourceTree = "<group>"; };
		98C8063E6EC880B8DA6247C9 /* Pods-Vive Tunisie.release.xcconfig */ = {isa = PBXFileReference; includeInIndex = 1; lastKnownFileType = text.xcconfig; name = "Pods-Vive Tunisie.release.xcconfig"; path = "Target Support Files/Pods-Vive Tunisie/Pods-Vive Tunisie.release.xcconfig"; sourceTree = "<group>"; };
/* End PBXFileReference section */

/* Begin PBXFrameworksBuildPhase section */
		7A43521F24113DB4003377F1 /* Frameworks */ = {
			isa = PBXFrameworksBuildPhase;
			buildActionMask = 2147483647;
			files = (
				9DFFFC27FAA3D5513EB6C3A9 /* Pods_Vive_Tunisie.framework in Frameworks */,
			);
			runOnlyForDeploymentPostprocessing = 0;
		};
/* End PBXFrameworksBuildPhase section */

/* Begin PBXGroup section */
		7A43521924113DB4003377F1 = {
			isa = PBXGroup;
			children = (
				7A43522424113DB4003377F1 /* Vive Tunisie */,
				7A43522324113DB4003377F1 /* Products */,
				EC0A528BCBAC39C00B317F0E /* Pods */,
				C7C6536676CACCC95A5D76E0 /* Frameworks */,
			);
			sourceTree = "<group>";
		};
		7A43522324113DB4003377F1 /* Products */ = {
			isa = PBXGroup;
			children = (
				7A43522224113DB4003377F1 /* Vive Tunisie.app */,
			);
			name = Products;
			sourceTree = "<group>";
		};
		7A43522424113DB4003377F1 /* Vive Tunisie */ = {
			isa = PBXGroup;
			children = (
				7A43523B24113DE4003377F1 /* Login */,
				7A43522524113DB4003377F1 /* AppDelegate.swift */,
				7A43522724113DB4003377F1 /* SceneDelegate.swift */,
				7A43522924113DB4003377F1 /* ContentView.swift */,
				7A43522B24113DB5003377F1 /* Assets.xcassets */,
				7A43523024113DB5003377F1 /* LaunchScreen.storyboard */,
				7A43523324113DB5003377F1 /* Info.plist */,
				7AE30D1E2418180A00C89F0F /* GoogleService-Info.plist */,
				7AED4DB0241147A200A8C052 /* Fonts */,
				7A43522D24113DB5003377F1 /* Preview Content */,
			);
			path = "Vive Tunisie";
			sourceTree = "<group>";
		};
		7A43522D24113DB5003377F1 /* Preview Content */ = {
			isa = PBXGroup;
			children = (
				7A43522E24113DB5003377F1 /* Preview Assets.xcassets */,
			);
			path = "Preview Content";
			sourceTree = "<group>";
		};
		7A43523B24113DE4003377F1 /* Login */ = {
			isa = PBXGroup;
			children = (
				7A43523924113DD9003377F1 /* LoginView.swift */,
				7A43523C24113E01003377F1 /* SplashView.swift */,
				7A05344224125D1A00814342 /* LoginCard.swift */,
				7A05344424125E3700814342 /* SignUpCard.swift */,
			);
			path = Login;
			sourceTree = "<group>";
		};
		7AED4DB0241147A200A8C052 /* Fonts */ = {
			isa = PBXGroup;
			children = (
				7AED4DD8241147D100A8C052 /* helvetica neue */,
				7AED4DD7241147C900A8C052 /* futura */,
			);
			path = Fonts;
			sourceTree = "<group>";
		};
		7AED4DD7241147C900A8C052 /* futura */ = {
			isa = PBXGroup;
			children = (
				7AED4E01241147EB00A8C052 /* futur.ttf */,
				7AED4E0B241147EC00A8C052 /* Futura Bold font.ttf */,
				7AED4DF9241147EB00A8C052 /* Futura Bold Italic font.ttf */,
				7AED4E0A241147EC00A8C052 /* Futura Book font.ttf */,
				7AED4E07241147EC00A8C052 /* Futura Book Italic font.ttf */,
				7AED4DFD241147EB00A8C052 /* Futura Extra Black font.ttf */,
				7AED4DFC241147EB00A8C052 /* Futura Heavy font.ttf */,
				7AED4E04241147EB00A8C052 /* Futura Heavy Italic font.ttf */,
				7AED4E03241147EB00A8C052 /* futura light bt.ttf */,
				7AED4E02241147EB00A8C052 /* Futura Light font.ttf */,
				7AED4E08241147EC00A8C052 /* Futura Light Italic font.ttf */,
				7AED4E09241147EC00A8C052 /* futura.ttf */,
				7AED4E05241147EB00A8C052 /* futura medium condensed bt.ttf */,
				7AED4DFE241147EB00A8C052 /* Futura Medium Italic font.ttf */,
				7AED4DFF241147EB00A8C052 /* Futura XBlk BT.ttf */,
				7AED4E00241147EB00A8C052 /* Futura-CondensedLight.otf */,
				7AED4DFA241147EB00A8C052 /* tt0205m_.ttf */,
				7AED4DFB241147EB00A8C052 /* unicode.futurab.ttf */,
				7AED4E06241147EC00A8C052 /* unicode.futurabb.ttf */,
			);
			path = futura;
			sourceTree = "<group>";
		};
		7AED4DD8241147D100A8C052 /* helvetica neue */ = {
			isa = PBXGroup;
			children = (
				7AED4DE2241147E200A8C052 /* Helvetica 76 Bold Italic.ttf */,
				7AED4DE8241147E200A8C052 /* Helvetica25UltraLight_22433.ttf */,
				7AED4DDA241147E100A8C052 /* Helvetica26UltraLightItalic_22434.ttf */,
				7AED4DE4241147E200A8C052 /* Helvetica35Thin_22435.ttf */,
				7AED4DDB241147E100A8C052 /* Helvetica36ThinItalic_22436.ttf */,
				7AED4DE3241147E200A8C052 /* Helvetica45Light_22437.ttf */,
				7AED4DE6241147E200A8C052 /* Helvetica46LightItalic_22438.ttf */,
				7AED4DDF241147E200A8C052 /* Helvetica55Roman_22439.ttf */,
				7AED4DE5241147E200A8C052 /* Helvetica56Italic_22440.ttf */,
				7AED4DE1241147E200A8C052 /* Helvetica65Medium_22443.ttf */,
				7AED4DDD241147E200A8C052 /* Helvetica85Heavy_22449.ttf */,
				7AED4DE0241147E200A8C052 /* Helvetica86HeavyItalic_22450.ttf */,
				7AED4DE7241147E200A8C052 /* Helvetica95Black.ttf */,
				7AED4DD9241147E100A8C052 /* HelveticaNeueBlackItalic 1.otf */,
				7AED4DDC241147E100A8C052 /* HelveticaNeueBold.otf */,
				7AED4DDE241147E200A8C052 /* HelveticaNeueMediumItalic.otf */,
			);
			path = "helvetica neue";
			sourceTree = "<group>";
		};
		C7C6536676CACCC95A5D76E0 /* Frameworks */ = {
			isa = PBXGroup;
			children = (
				6EC7D639124E4B922B451D0B /* Pods_Vive_Tunisie.framework */,
			);
			name = Frameworks;
			sourceTree = "<group>";
		};
		EC0A528BCBAC39C00B317F0E /* Pods */ = {
			isa = PBXGroup;
			children = (
				1A15325303B8A78E8A1996C2 /* Pods-Vive Tunisie.debug.xcconfig */,
				98C8063E6EC880B8DA6247C9 /* Pods-Vive Tunisie.release.xcconfig */,
			);
			path = Pods;
			sourceTree = "<group>";
		};
/* End PBXGroup section */

/* Begin PBXNativeTarget section */
		7A43522124113DB4003377F1 /* Vive Tunisie */ = {
			isa = PBXNativeTarget;
			buildConfigurationList = 7A43523624113DB5003377F1 /* Build configuration list for PBXNativeTarget "Vive Tunisie" */;
			buildPhases = (
				40C2706299CDB694F588D72B /* [CP] Check Pods Manifest.lock */,
				7A43521E24113DB4003377F1 /* Sources */,
				7A43521F24113DB4003377F1 /* Frameworks */,
				7A43522024113DB4003377F1 /* Resources */,
				2FE0A459D4476FE300FB0917 /* [CP] Embed Pods Frameworks */,
				8B178FE08D343AF61216569F /* [CP] Copy Pods Resources */,
			);
			buildRules = (
			);
			dependencies = (
			);
			name = "Vive Tunisie";
			productName = "Vive Tunisie";
			productReference = 7A43522224113DB4003377F1 /* Vive Tunisie.app */;
			productType = "com.apple.product-type.application";
		};
/* End PBXNativeTarget section */

/* Begin PBXProject section */
		7A43521A24113DB4003377F1 /* Project object */ = {
			isa = PBXProject;
			attributes = {
				LastSwiftUpdateCheck = 1130;
				LastUpgradeCheck = 1130;
				ORGANIZATIONNAME = wimobi;
				TargetAttributes = {
					7A43522124113DB4003377F1 = {
						CreatedOnToolsVersion = 11.3.1;
					};
				};
			};
			buildConfigurationList = 7A43521D24113DB4003377F1 /* Build configuration list for PBXProject "Vive Tunisie" */;
			compatibilityVersion = "Xcode 9.3";
			developmentRegion = en;
			hasScannedForEncodings = 0;
			knownRegions = (
				en,
				Base,
			);
			mainGroup = 7A43521924113DB4003377F1;
			productRefGroup = 7A43522324113DB4003377F1 /* Products */;
			projectDirPath = "";
			projectRoot = "";
			targets = (
				7A43522124113DB4003377F1 /* Vive Tunisie */,
			);
		};
/* End PBXProject section */

/* Begin PBXResourcesBuildPhase section */
		7A43522024113DB4003377F1 /* Resources */ = {
			isa = PBXResourcesBuildPhase;
			buildActionMask = 2147483647;
			files = (
				7A43523224113DB5003377F1 /* LaunchScreen.storyboard in Resources */,
				7AED4DEE241147E200A8C052 /* HelveticaNeueMediumItalic.otf in Resources */,
				7AED4E19241147EC00A8C052 /* unicode.futurabb.ttf in Resources */,
				7AED4DF7241147E200A8C052 /* Helvetica95Black.ttf in Resources */,
				7AED4E0D241147EC00A8C052 /* tt0205m_.ttf in Resources */,
				7AED4E0F241147EC00A8C052 /* Futura Heavy font.ttf in Resources */,
				7AED4E13241147EC00A8C052 /* Futura-CondensedLight.otf in Resources */,
				7AE30D1F2418180A00C89F0F /* GoogleService-Info.plist in Resources */,
				7AED4DF1241147E200A8C052 /* Helvetica65Medium_22443.ttf in Resources */,
				7AED4DF8241147E200A8C052 /* Helvetica25UltraLight_22433.ttf in Resources */,
				7AED4DED241147E200A8C052 /* Helvetica85Heavy_22449.ttf in Resources */,
				7AED4E12241147EC00A8C052 /* Futura XBlk BT.ttf in Resources */,
				7A43522F24113DB5003377F1 /* Preview Assets.xcassets in Resources */,
				7AED4E17241147EC00A8C052 /* Futura Heavy Italic font.ttf in Resources */,
				7AED4DF3241147E200A8C052 /* Helvetica45Light_22437.ttf in Resources */,
				7AED4E16241147EC00A8C052 /* futura light bt.ttf in Resources */,
				7AED4E11241147EC00A8C052 /* Futura Medium Italic font.ttf in Resources */,
				7AED4E1A241147EC00A8C052 /* Futura Book Italic font.ttf in Resources */,
				7AED4DF6241147E200A8C052 /* Helvetica46LightItalic_22438.ttf in Resources */,
				7AED4DF0241147E200A8C052 /* Helvetica86HeavyItalic_22450.ttf in Resources */,
				7AED4DEA241147E200A8C052 /* Helvetica26UltraLightItalic_22434.ttf in Resources */,
				7AED4DF5241147E200A8C052 /* Helvetica56Italic_22440.ttf in Resources */,
				7AED4E10241147EC00A8C052 /* Futura Extra Black font.ttf in Resources */,
				7AED4E0E241147EC00A8C052 /* unicode.futurab.ttf in Resources */,
				7AED4E15241147EC00A8C052 /* Futura Light font.ttf in Resources */,
				7AED4E0C241147EC00A8C052 /* Futura Bold Italic font.ttf in Resources */,
				7AED4DF2241147E200A8C052 /* Helvetica 76 Bold Italic.ttf in Resources */,
				7AED4DEF241147E200A8C052 /* Helvetica55Roman_22439.ttf in Resources */,
				7AED4DF4241147E200A8C052 /* Helvetica35Thin_22435.ttf in Resources */,
				7AED4E1D241147EC00A8C052 /* Futura Book font.ttf in Resources */,
				7AED4E14241147EC00A8C052 /* futur.ttf in Resources */,
				7AED4E18241147EC00A8C052 /* futura medium condensed bt.ttf in Resources */,
				7AED4E1E241147EC00A8C052 /* Futura Bold font.ttf in Resources */,
				7AED4E1C241147EC00A8C052 /* futura.ttf in Resources */,
				7AED4DEC241147E200A8C052 /* HelveticaNeueBold.otf in Resources */,
				7A43522C24113DB5003377F1 /* Assets.xcassets in Resources */,
				7AED4E1B241147EC00A8C052 /* Futura Light Italic font.ttf in Resources */,
				7AED4DEB241147E200A8C052 /* Helvetica36ThinItalic_22436.ttf in Resources */,
				7AED4DE9241147E200A8C052 /* HelveticaNeueBlackItalic 1.otf in Resources */,
			);
			runOnlyForDeploymentPostprocessing = 0;
		};
/* End PBXResourcesBuildPhase section */

/* Begin PBXShellScriptBuildPhase section */
		2FE0A459D4476FE300FB0917 /* [CP] Embed Pods Frameworks */ = {
			isa = PBXShellScriptBuildPhase;
			buildActionMask = 2147483647;
			files = (
			);
			inputFileListPaths = (
				"${PODS_ROOT}/Target Support Files/Pods-Vive Tunisie/Pods-Vive Tunisie-frameworks-${CONFIGURATION}-input-files.xcfilelist",
			);
			name = "[CP] Embed Pods Frameworks";
			outputFileListPaths = (
				"${PODS_ROOT}/Target Support Files/Pods-Vive Tunisie/Pods-Vive Tunisie-frameworks-${CONFIGURATION}-output-files.xcfilelist",
			);
			runOnlyForDeploymentPostprocessing = 0;
			shellPath = /bin/sh;
			shellScript = "\"${PODS_ROOT}/Target Support Files/Pods-Vive Tunisie/Pods-Vive Tunisie-frameworks.sh\"\n";
			showEnvVarsInLog = 0;
		};
		40C2706299CDB694F588D72B /* [CP] Check Pods Manifest.lock */ = {
			isa = PBXShellScriptBuildPhase;
			buildActionMask = 2147483647;
			files = (
			);
			inputFileListPaths = (
			);
			inputPaths = (
				"${PODS_PODFILE_DIR_PATH}/Podfile.lock",
				"${PODS_ROOT}/Manifest.lock",
			);
			name = "[CP] Check Pods Manifest.lock";
			outputFileListPaths = (
			);
			outputPaths = (
				"$(DERIVED_FILE_DIR)/Pods-Vive Tunisie-checkManifestLockResult.txt",
			);
			runOnlyForDeploymentPostprocessing = 0;
			shellPath = /bin/sh;
			shellScript = "diff \"${PODS_PODFILE_DIR_PATH}/Podfile.lock\" \"${PODS_ROOT}/Manifest.lock\" > /dev/null\nif [ $? != 0 ] ; then\n    # print error to STDERR\n    echo \"error: The sandbox is not in sync with the Podfile.lock. Run 'pod install' or update your CocoaPods installation.\" >&2\n    exit 1\nfi\n# This output is used by Xcode 'outputs' to avoid re-running this script phase.\necho \"SUCCESS\" > \"${SCRIPT_OUTPUT_FILE_0}\"\n";
			showEnvVarsInLog = 0;
		};
		8B178FE08D343AF61216569F /* [CP] Copy Pods Resources */ = {
			isa = PBXShellScriptBuildPhase;
			buildActionMask = 2147483647;
			files = (
			);
			inputFileListPaths = (
				"${PODS_ROOT}/Target Support Files/Pods-Vive Tunisie/Pods-Vive Tunisie-resources-${CONFIGURATION}-input-files.xcfilelist",
			);
			name = "[CP] Copy Pods Resources";
			outputFileListPaths = (
				"${PODS_ROOT}/Target Support Files/Pods-Vive Tunisie/Pods-Vive Tunisie-resources-${CONFIGURATION}-output-files.xcfilelist",
			);
			runOnlyForDeploymentPostprocessing = 0;
			shellPath = /bin/sh;
			shellScript = "\"${PODS_ROOT}/Target Support Files/Pods-Vive Tunisie/Pods-Vive Tunisie-resources.sh\"\n";
			showEnvVarsInLog = 0;
		};
/* End PBXShellScriptBuildPhase section */

/* Begin PBXSourcesBuildPhase section */
		7A43521E24113DB4003377F1 /* Sources */ = {
			isa = PBXSourcesBuildPhase;
			buildActionMask = 2147483647;
			files = (
				7A43522624113DB4003377F1 /* AppDelegate.swift in Sources */,
				7A05344324125D1A00814342 /* LoginCard.swift in Sources */,
				7A43522824113DB4003377F1 /* SceneDelegate.swift in Sources */,
				7A43523D24113E01003377F1 /* SplashView.swift in Sources */,
				7A43523A24113DD9003377F1 /* LoginView.swift in Sources */,
				7A43522A24113DB4003377F1 /* ContentView.swift in Sources */,
				7A05344524125E3700814342 /* SignUpCard.swift in Sources */,
			);
			runOnlyForDeploymentPostprocessing = 0;
		};
/* End PBXSourcesBuildPhase section */

/* Begin PBXVariantGroup section */
		7A43523024113DB5003377F1 /* LaunchScreen.storyboard */ = {
			isa = PBXVariantGroup;
			children = (
				7A43523124113DB5003377F1 /* Base */,
			);
			name = LaunchScreen.storyboard;
			sourceTree = "<group>";
		};
/* End PBXVariantGroup section */

/* Begin XCBuildConfiguration section */
		7A43523424113DB5003377F1 /* Debug */ = {
			isa = XCBuildConfiguration;
			buildSettings = {
				ALWAYS_SEARCH_USER_PATHS = NO;
				CLANG_ANALYZER_NONNULL = YES;
				CLANG_ANALYZER_NUMBER_OBJECT_CONVERSION = YES_AGGRESSIVE;
				CLANG_CXX_LANGUAGE_STANDARD = "gnu++14";
				CLANG_CXX_LIBRARY = "libc++";
				CLANG_ENABLE_MODULES = YES;
				CLANG_ENABLE_OBJC_ARC = YES;
				CLANG_ENABLE_OBJC_WEAK = YES;
				CLANG_WARN_BLOCK_CAPTURE_AUTORELEASING = YES;
				CLANG_WARN_BOOL_CONVERSION = YES;
				CLANG_WARN_COMMA = YES;
				CLANG_WARN_CONSTANT_CONVERSION = YES;
				CLANG_WARN_DEPRECATED_OBJC_IMPLEMENTATIONS = YES;
				CLANG_WARN_DIRECT_OBJC_ISA_USAGE = YES_ERROR;
				CLANG_WARN_DOCUMENTATION_COMMENTS = YES;
				CLANG_WARN_EMPTY_BODY = YES;
				CLANG_WARN_ENUM_CONVERSION = YES;
				CLANG_WARN_INFINITE_RECURSION = YES;
				CLANG_WARN_INT_CONVERSION = YES;
				CLANG_WARN_NON_LITERAL_NULL_CONVERSION = YES;
				CLANG_WARN_OBJC_IMPLICIT_RETAIN_SELF = YES;
				CLANG_WARN_OBJC_LITERAL_CONVERSION = YES;
				CLANG_WARN_OBJC_ROOT_CLASS = YES_ERROR;
				CLANG_WARN_RANGE_LOOP_ANALYSIS = YES;
				CLANG_WARN_STRICT_PROTOTYPES = YES;
				CLANG_WARN_SUSPICIOUS_MOVE = YES;
				CLANG_WARN_UNGUARDED_AVAILABILITY = YES_AGGRESSIVE;
				CLANG_WARN_UNREACHABLE_CODE = YES;
				CLANG_WARN__DUPLICATE_METHOD_MATCH = YES;
				COPY_PHASE_STRIP = NO;
				DEBUG_INFORMATION_FORMAT = dwarf;
				ENABLE_STRICT_OBJC_MSGSEND = YES;
				ENABLE_TESTABILITY = YES;
				GCC_C_LANGUAGE_STANDARD = gnu11;
				GCC_DYNAMIC_NO_PIC = NO;
				GCC_NO_COMMON_BLOCKS = YES;
				GCC_OPTIMIZATION_LEVEL = 0;
				GCC_PREPROCESSOR_DEFINITIONS = (
					"DEBUG=1",
					"$(inherited)",
				);
				GCC_WARN_64_TO_32_BIT_CONVERSION = YES;
				GCC_WARN_ABOUT_RETURN_TYPE = YES_ERROR;
				GCC_WARN_UNDECLARED_SELECTOR = YES;
				GCC_WARN_UNINITIALIZED_AUTOS = YES_AGGRESSIVE;
				GCC_WARN_UNUSED_FUNCTION = YES;
				GCC_WARN_UNUSED_VARIABLE = YES;
				IPHONEOS_DEPLOYMENT_TARGET = 13.2;
				MTL_ENABLE_DEBUG_INFO = INCLUDE_SOURCE;
				MTL_FAST_MATH = YES;
				ONLY_ACTIVE_ARCH = YES;
				SDKROOT = iphoneos;
				SWIFT_ACTIVE_COMPILATION_CONDITIONS = DEBUG;
				SWIFT_OPTIMIZATION_LEVEL = "-Onone";
			};
			name = Debug;
		};
		7A43523524113DB5003377F1 /* Release */ = {
			isa = XCBuildConfiguration;
			buildSettings = {
				ALWAYS_SEARCH_USER_PATHS = NO;
				CLANG_ANALYZER_NONNULL = YES;
				CLANG_ANALYZER_NUMBER_OBJECT_CONVERSION = YES_AGGRESSIVE;
				CLANG_CXX_LANGUAGE_STANDARD = "gnu++14";
				CLANG_CXX_LIBRARY = "libc++";
				CLANG_ENABLE_MODULES = YES;
				CLANG_ENABLE_OBJC_ARC = YES;
				CLANG_ENABLE_OBJC_WEAK = YES;
				CLANG_WARN_BLOCK_CAPTURE_AUTORELEASING = YES;
				CLANG_WARN_BOOL_CONVERSION = YES;
				CLANG_WARN_COMMA = YES;
				CLANG_WARN_CONSTANT_CONVERSION = YES;
				CLANG_WARN_DEPRECATED_OBJC_IMPLEMENTATIONS = YES;
				CLANG_WARN_DIRECT_OBJC_ISA_USAGE = YES_ERROR;
				CLANG_WARN_DOCUMENTATION_COMMENTS = YES;
				CLANG_WARN_EMPTY_BODY = YES;
				CLANG_WARN_ENUM_CONVERSION = YES;
				CLANG_WARN_INFINITE_RECURSION = YES;
				CLANG_WARN_INT_CONVERSION = YES;
				CLANG_WARN_NON_LITERAL_NULL_CONVERSION = YES;
				CLANG_WARN_OBJC_IMPLICIT_RETAIN_SELF = YES;
				CLANG_WARN_OBJC_LITERAL_CONVERSION = YES;
				CLANG_WARN_OBJC_ROOT_CLASS = YES_ERROR;
				CLANG_WARN_RANGE_LOOP_ANALYSIS = YES;
				CLANG_WARN_STRICT_PROTOTYPES = YES;
				CLANG_WARN_SUSPICIOUS_MOVE = YES;
				CLANG_WARN_UNGUARDED_AVAILABILITY = YES_AGGRESSIVE;
				CLANG_WARN_UNREACHABLE_CODE = YES;
				CLANG_WARN__DUPLICATE_METHOD_MATCH = YES;
				COPY_PHASE_STRIP = NO;
				DEBUG_INFORMATION_FORMAT = "dwarf-with-dsym";
				ENABLE_NS_ASSERTIONS = NO;
				ENABLE_STRICT_OBJC_MSGSEND = YES;
				GCC_C_LANGUAGE_STANDARD = gnu11;
				GCC_NO_COMMON_BLOCKS = YES;
				GCC_WARN_64_TO_32_BIT_CONVERSION = YES;
				GCC_WARN_ABOUT_RETURN_TYPE = YES_ERROR;
				GCC_WARN_UNDECLARED_SELECTOR = YES;
				GCC_WARN_UNINITIALIZED_AUTOS = YES_AGGRESSIVE;
				GCC_WARN_UNUSED_FUNCTION = YES;
				GCC_WARN_UNUSED_VARIABLE = YES;
				IPHONEOS_DEPLOYMENT_TARGET = 13.2;
				MTL_ENABLE_DEBUG_INFO = NO;
				MTL_FAST_MATH = YES;
				SDKROOT = iphoneos;
				SWIFT_COMPILATION_MODE = wholemodule;
				SWIFT_OPTIMIZATION_LEVEL = "-O";
				VALIDATE_PRODUCT = YES;
			};
			name = Release;
		};
		7A43523724113DB5003377F1 /* Debug */ = {
			isa = XCBuildConfiguration;
			baseConfigurationReference = 1A15325303B8A78E8A1996C2 /* Pods-Vive Tunisie.debug.xcconfig */;
			buildSettings = {
				ASSETCATALOG_COMPILER_APPICON_NAME = AppIcon;
				CODE_SIGN_STYLE = Automatic;
				DEVELOPMENT_ASSET_PATHS = "\"Vive Tunisie/Preview Content\"";
				ENABLE_PREVIEWS = YES;
				INFOPLIST_FILE = "Vive Tunisie/Info.plist";
				LD_RUNPATH_SEARCH_PATHS = (
					"$(inherited)",
					"@executable_path/Frameworks",
				);
				PRODUCT_BUNDLE_IDENTIFIER = "wimobi.Vive-Tunisie";
				PRODUCT_NAME = "$(TARGET_NAME)";
				SWIFT_VERSION = 5.0;
				TARGETED_DEVICE_FAMILY = "1,2";
			};
			name = Debug;
		};
		7A43523824113DB5003377F1 /* Release */ = {
			isa = XCBuildConfiguration;
			baseConfigurationReference = 98C8063E6EC880B8DA6247C9 /* Pods-Vive Tunisie.release.xcconfig */;
			buildSettings = {
				ASSETCATALOG_COMPILER_APPICON_NAME = AppIcon;
				CODE_SIGN_STYLE = Automatic;
				DEVELOPMENT_ASSET_PATHS = "\"Vive Tunisie/Preview Content\"";
				ENABLE_PREVIEWS = YES;
				INFOPLIST_FILE = "Vive Tunisie/Info.plist";
				LD_RUNPATH_SEARCH_PATHS = (
					"$(inherited)",
					"@executable_path/Frameworks",
				);
				PRODUCT_BUNDLE_IDENTIFIER = "wimobi.Vive-Tunisie";
				PRODUCT_NAME = "$(TARGET_NAME)";
				SWIFT_VERSION = 5.0;
				TARGETED_DEVICE_FAMILY = "1,2";
			};
			name = Release;
		};
/* End XCBuildConfiguration section */

/* Begin XCConfigurationList section */
		7A43521D24113DB4003377F1 /* Build configuration list for PBXProject "Vive Tunisie" */ = {
			isa = XCConfigurationList;
			buildConfigurations = (
				7A43523424113DB5003377F1 /* Debug */,
				7A43523524113DB5003377F1 /* Release */,
			);
			defaultConfigurationIsVisible = 0;
			defaultConfigurationName = Release;
		};
		7A43523624113DB5003377F1 /* Build configuration list for PBXNativeTarget "Vive Tunisie" */ = {
			isa = XCConfigurationList;
			buildConfigurations = (
				7A43523724113DB5003377F1 /* Debug */,
				7A43523824113DB5003377F1 /* Release */,
			);
			defaultConfigurationIsVisible = 0;
			defaultConfigurationName = Release;
		};
/* End XCConfigurationList section */
	};
	rootObject = 7A43521A24113DB4003377F1 /* Project object */;
}
